hash: 146a0b3c18d3959b2a5163c178e733425d588761b25db4d20fa7cdd2192e137e
updated: 2019-07-28T00:22:02.181009+02:00
imports:
- name: cloud.google.com/go
  version: 5a21f3e59ff498bc7a9c6c61d000b3b23b7fa991
  subpackages:
  - compute/metadata
  - iam
  - internal
  - internal/optional
  - internal/trace
  - internal/version
  - storage
- name: github.com/agext/levenshtein
  version: 5d192579c10bf1e3d17dd5682a98601480190f5d
- name: github.com/apparentlymart/go-cidr
  version: 1755c023625ec3a84979b90841a1ab067ed6c071
  subpackages:
  - cidr
- name: github.com/apparentlymart/go-textseg
  version: fb01f485ebef760e5ee06d55e1b07534dda2d295
  subpackages:
  - textseg
- name: github.com/armon/circbuf
  version: 5111143e8da2e98b4ea6a8f32b9065ea1821c191
- name: github.com/armon/go-radix
  version: 1a2de0c21c94309923825da3df33a4381872c795
- name: github.com/aws/aws-sdk-go
  version: fa9217848bf00ff03c3c097e9c109cbe833ea130
  subpackages:
  - aws
  - aws/awserr
  - aws/awsutil
  - aws/client
  - aws/client/metadata
  - aws/corehandlers
  - aws/credentials
  - aws/credentials/ec2rolecreds
  - aws/credentials/endpointcreds
  - aws/credentials/stscreds
  - aws/csm
  - aws/defaults
  - aws/ec2metadata
  - aws/endpoints
  - aws/request
  - aws/session
  - aws/signer/v4
  - internal/ini
  - internal/s3err
  - internal/sdkio
  - internal/sdkrand
  - internal/sdkuri
  - internal/shareddefaults
  - private/protocol
  - private/protocol/eventstream
  - private/protocol/eventstream/eventstreamapi
  - private/protocol/query
  - private/protocol/query/queryutil
  - private/protocol/rest
  - private/protocol/restxml
  - private/protocol/xml/xmlutil
  - service/s3
  - service/sts
- name: github.com/Azure/go-ntlmssp
  version: 4a21cbd618b459155f8b8ee7f4491cd54f5efa77
- name: github.com/bgentry/go-netrc
  version: 9fd32a8b3d3d3f9d43c341bfe098430e07609480
  subpackages:
  - netrc
- name: github.com/bgentry/speakeasy
  version: 4aabc24848ce5fd31929f7d1e4ea74d3709c14cd
- name: github.com/blang/semver
  version: 1a9109f8c4a1d669a78442f567dfe8eedf982793
- name: github.com/ChrisTrenkamp/goxpath
  version: c5096ec8773dd9f554971472081ddfbb0782334e
  subpackages:
  - internal/execxp
  - internal/execxp/findutil
  - internal/execxp/intfns
  - internal/xsort
  - lexer
  - parser
  - parser/pathexpr
  - tree
  - tree/xmltree
  - tree/xmltree/xmlbuilder
  - tree/xmltree/xmlele
  - tree/xmltree/xmlnode
  - xconst
- name: github.com/dylanmei/iso8601
  version: 2075bf119b58e5576c6ed9f867b8f3d17f2e54d4
- name: github.com/dylanmei/winrmtest
  version: 99b7fe2fddf13e83d546a045b094acb6a892a72e
- name: github.com/fatih/color
  version: 3f9d52f7176a6927daacff70a3e8d1dc2025c53e
- name: github.com/gofrs/uuid
  version: abfe1881e60ef34074c1b8d8c63b42565c356ed6
- name: github.com/golang/protobuf
  version: b4deda0973fb4c70b50d226b1af49f3da59f5265
  subpackages:
  - proto
  - protoc-gen-go/descriptor
  - ptypes
  - ptypes/any
  - ptypes/duration
  - ptypes/timestamp
- name: github.com/google/go-cmp
  version: 1b316004397f1f336546ca058ddb5b95c41a8772
  subpackages:
  - cmp
  - cmp/internal/diff
  - cmp/internal/flags
  - cmp/internal/function
  - cmp/internal/value
- name: github.com/googleapis/gax-go
  version: bd5b16380fd03dc758d11cef74ba2e3bc8b0e8c2
  subpackages:
  - v2
- name: github.com/hashicorp/errwrap
  version: 8a6fb523712970c966eefc6b39ed2c5e74880354
- name: github.com/hashicorp/go-cleanhttp
  version: d3fcbee8e1810ecee4bdbf415f42f84cfd0e3361
- name: github.com/hashicorp/go-getter
  version: 30a49e438715626318447d8ac7166bb425b695dc
  subpackages:
  - helper/url
- name: github.com/hashicorp/go-hclog
  version: f1d61ad5398ffe4f2eb61eacb088340d44e99672
- name: github.com/hashicorp/go-multierror
  version: bdca7bb83f603b80ef756bb953fe1dafa9cd00a2
- name: github.com/hashicorp/go-plugin
  version: 9e3e1c37db188a1acb66561ee0ed4bf4d5e77554
  subpackages:
  - internal/plugin
- name: github.com/hashicorp/go-safetemp
  version: c9a55de4fe06c920a71964b53cfe3dd293a3c743
- name: github.com/hashicorp/go-uuid
  version: 4f571afc59f3043a65f8fe6bf46d887b10a01d43
- name: github.com/hashicorp/go-version
  version: 192140e6f3e645d971b134d4e35b5191adb9dfd3
- name: github.com/hashicorp/golang-lru
  version: 20f1fb78b0740ba8c3cb143a61e86ba5c8669768
  subpackages:
  - simplelru
- name: github.com/hashicorp/hcl
  version: cf7d376da96d9cecec7c7483cec2735efe54a410
  subpackages:
  - hcl/ast
  - hcl/parser
  - hcl/scanner
  - hcl/strconv
  - hcl/token
  - json/parser
  - json/scanner
  - json/token
- name: github.com/hashicorp/hcl2
  version: 0c3fe388e4503d9717d39c315e8c7ee2433f752a
  subpackages:
  - ext/dynblock
  - ext/typeexpr
  - gohcl
  - hcl
  - hcl/hclsyntax
  - hcl/json
  - hcldec
  - hclparse
  - hclwrite
- name: github.com/hashicorp/hil
  version: 97b3a9cdfa9349086cfad7ea2fe3165bfe3cbf63
  subpackages:
  - ast
  - parser
  - scanner
- name: github.com/hashicorp/terraform
  version: 0facd03d3a035268be7bd992cf8d088325f9d761
  subpackages:
  - addrs
  - builtin/provisioners/local-exec
  - communicator
  - communicator/remote
  - communicator/shared
  - communicator/ssh
  - communicator/winrm
  - config
  - config/hcl2shim
  - config/module
  - configs
  - configs/configschema
  - dag
  - flatmap
  - helper/didyoumean
  - helper/hashcode
  - helper/hilmapstructure
  - helper/plugin
  - helper/schema
  - httpclient
  - internal/tfplugin5
  - lang
  - lang/blocktoattr
  - lang/funcs
  - moduledeps
  - plans
  - plans/objchange
  - plugin
  - plugin/convert
  - plugin/discovery
  - providers
  - provisioners
  - registry
  - registry/regsrc
  - registry/response
  - states
  - states/statefile
  - svchost
  - svchost/auth
  - svchost/disco
  - terraform
  - tfdiags
  - version
- name: github.com/hashicorp/yamux
  version: 2f1d1f20f75d5404f53b9edf6b53ed5505508675
- name: github.com/jmespath/go-jmespath
  version: c2b33e8439af944379acbdd9c3a5fe0bc44bd8a5
- name: github.com/kr/fs
  version: 1455def202f6e05b95cc7bfc7e8ae67ae5141eba
- name: github.com/masterzen/simplexml
  version: 31eea30827864c9ab643aa5a0d5b2d4988ec8409
  subpackages:
  - dom
- name: github.com/masterzen/winrm
  version: 1d17eaf15943ca3554cdebb3b1b10aaa543a0b7e
  subpackages:
  - soap
- name: github.com/mattn/go-colorable
  version: c52ace132bf44798a21f16fdafaaafbf329519e2
- name: github.com/mattn/go-isatty
  version: da60ac76bf7019a8b005f8dd1ad9d1a0e6434155
- name: github.com/mitchellh/cli
  version: 3d22a244be8aa6fb16ac24af0e195c08b7d973aa
- name: github.com/mitchellh/copystructure
  version: 9a1b6f44e8da0e0e374624fb0a825a231b00c537
- name: github.com/mitchellh/go-homedir
  version: af06845cf3004701891bf4fdb884bfe4920b3727
- name: github.com/mitchellh/go-linereader
  version: 1b945b3263eb070718f0a0742000234b5c8cab86
- name: github.com/mitchellh/go-testing-interface
  version: 6d0b8010fcc857872e42fc6c931227569016843c
- name: github.com/mitchellh/go-wordwrap
  version: 9e67c67572bc5dd02aef930e2b0ae3c02a4b5a5c
- name: github.com/mitchellh/hashstructure
  version: a38c50148365edc8df43c1580c48fb2b3a1e9cd7
- name: github.com/mitchellh/mapstructure
  version: 3536a929edddb9a5b34bd6861dc4a9647cb459fe
- name: github.com/mitchellh/reflectwalk
  version: 3e2c75dfad4fbf904b58782a80fd595c760ad185
- name: github.com/nu7hatch/gouuid
  version: 179d4d0c4d8d407a32af483c2354df1d2c91e6c3
- name: github.com/oklog/run
  version: 6934b124db28979da51d3470dadfa34d73d72652
- name: github.com/packer-community/winrmcp
  version: c76d91c1e7db27b0868c5d09e292bb540616c9a2
  subpackages:
  - winrmcp
- name: github.com/pkg/errors
  version: 27936f6d90f9c8e1145f11ed52ffffbfdb9e0af7
- name: github.com/pkg/sftp
  version: a713b07e6d90e1831d7fefcb69f1310edb3783ae
- name: github.com/posener/complete
  version: 2f2ff270a9f6adcef8351b1bdf5319b5d612b53f
  subpackages:
  - cmd
  - cmd/install
- name: github.com/satori/go.uuid
  version: b2ce2384e17bbe0c6d34077efa39dbab3e09123b
- name: github.com/spf13/afero
  version: 588a75ec4f32903aa5e39a2619ba6a4631e28424
  subpackages:
  - mem
- name: github.com/ulikunitz/xz
  version: 6f934d456d51e742b4eeab20d925a827ef22320a
  subpackages:
  - internal/hash
  - internal/xlog
  - lzma
- name: github.com/vmihailenco/msgpack
  version: 70e3a1417f36cc7023e1209a4478e56e32d2a50c
  subpackages:
  - codes
- name: github.com/vmihailenco/tagparser
  version: 30ae5c3178272fa372e1e9c17e68f181e0ebe285
  subpackages:
  - internal
  - internal/parser
- name: github.com/xanzy/ssh-agent
  version: 6a3e2ff9e7c564f36873c2e36413f634534f1c44
- name: github.com/zclconf/go-cty
  version: 01e2a242a65eb6f8ee372ddcea68c111fd4da15e
  subpackages:
  - cty
  - cty/convert
  - cty/function
  - cty/function/stdlib
  - cty/gocty
  - cty/json
  - cty/msgpack
  - cty/set
- name: github.com/zclconf/go-cty-yaml
  version: 7a838f9d8c6346f0043dd40f764db8ae6ccb113d
- name: go.opencensus.io
  version: b4a14686f0a98096416fe1b4cb848e384fb2b22b
  subpackages:
  - internal
  - internal/tagencoding
  - metric/metricdata
  - metric/metricproducer
  - plugin/ochttp
  - plugin/ochttp/propagation/b3
  - resource
  - stats
  - stats/internal
  - stats/view
  - tag
  - trace
  - trace/internal
  - trace/propagation
  - trace/tracestate
- name: golang.org/x/crypto
  version: de0752318171da717af4ce24d0a2e8626afaeb11
  subpackages:
  - bcrypt
  - blowfish
  - cast5
  - curve25519
  - ed25519
  - ed25519/internal/edwards25519
  - internal/chacha20
  - internal/subtle
  - md4
  - openpgp
  - openpgp/armor
  - openpgp/elgamal
  - openpgp/errors
  - openpgp/packet
  - openpgp/s2k
  - poly1305
  - ssh
  - ssh/agent
  - ssh/knownhosts
- name: golang.org/x/net
  version: 65e2d4e15006aab9813ff8769e768bbf4bb667a0
  subpackages:
  - context
  - context/ctxhttp
  - html
  - html/atom
  - html/charset
  - http/httpguts
  - http2
  - http2/hpack
  - idna
  - internal/timeseries
  - trace
- name: golang.org/x/oauth2
  version: 0f29369cfe4552d0e4bcddc57cc75f4d7e672a33
  subpackages:
  - google
  - internal
  - jws
  - jwt
- name: golang.org/x/sys
  version: fc99dfbffb4e5ed5758a37e31dd861afe285406b
  subpackages:
  - unix
- name: golang.org/x/text
  version: 342b2e1fbaa52c93f31447ad2c6abc048c63e475
  subpackages:
  - encoding
  - encoding/charmap
  - encoding/htmlindex
  - encoding/internal
  - encoding/internal/identifier
  - encoding/japanese
  - encoding/korean
  - encoding/simplifiedchinese
  - encoding/traditionalchinese
  - encoding/unicode
  - internal/language
  - internal/language/compact
  - internal/tag
  - internal/utf8internal
  - language
  - runes
  - secure/bidirule
  - transform
  - unicode/bidi
  - unicode/norm
- name: google.golang.org/api
  version: 025bef8d2de479daa7cb44888be36177e7d94a19
  subpackages:
  - gensupport
  - googleapi
  - googleapi/internal/uritemplates
  - googleapi/transport
  - internal
  - iterator
  - option
  - storage/v1
  - transport/http
  - transport/http/internal/propagation
- name: google.golang.org/appengine
  version: 54a98f90d1c46b7731eb8fb305d2a321c30ef610
  subpackages:
  - datastore
  - internal
  - internal/app_identity
  - internal/base
  - internal/datastore
  - internal/log
  - internal/modules
  - internal/remote_api
  - internal/urlfetch
  - urlfetch
- name: google.golang.org/genproto
  version: c506a9f9061087022822e8da603a52fc387115a8
  subpackages:
  - googleapis/api/annotations
  - googleapis/iam/v1
  - googleapis/rpc/code
  - googleapis/rpc/status
  - googleapis/type/expr
- name: google.golang.org/grpc
  version: 120728e1f775e40a2a764341939b78d666b08260
  subpackages:
  - balancer
  - balancer/base
  - balancer/roundrobin
  - binarylog/grpc_binarylog_v1
  - codes
  - connectivity
  - credentials
  - credentials/internal
  - encoding
  - encoding/proto
  - grpclog
  - health
  - health/grpc_health_v1
  - internal
  - internal/backoff
  - internal/balancerload
  - internal/binarylog
  - internal/channelz
  - internal/envconfig
  - internal/grpcrand
  - internal/grpcsync
  - internal/syscall
  - internal/transport
  - keepalive
  - metadata
  - naming
  - peer
  - resolver
  - resolver/dns
  - resolver/passthrough
  - serviceconfig
  - stats
  - status
  - tap
testImports: []
